
Microsoft Visual Studio Solution File, Format Version 12.00
# Visual Studio 2012
Project("{8BC9CEB8-8B4A-11D0-8D11-00A0C91BC942}") = "libpng", "libpng\libpng.vcxproj", "{F11F374E-462B-4999-B981-791A33963CC0}"
EndProject
Project("{8BC9CEB8-8B4A-11D0-8D11-00A0C91BC942}") = "zlib-1.2.8", "zlib-1.2.8\zlib-1.2.8.vcxproj", "{ED3FEC49-A62F-46BE-91FC-F86C838AB132}"
EndProject
Global
	GlobalSection(SolutionConfigurationPlatforms) = preSolution
		Debug|Win32 = Debug|Win32
		Release|Win32 = Release|Win32
	EndGlobalSection
	GlobalSection(ProjectConfigurationPlatforms) = postSolution
		{F11F374E-462B-4999-B981-791A33963CC0}.Debug|Win32.ActiveCfg = Debug|Win32
		{F11F374E-462B-4999-B981-791A33963CC0}.Debug|Win32.Build.0 = Debug|Win32
		{F11F374E-462B-4999-B981-791A33963CC0}.Release|Win32.ActiveCfg = Release|Win32
		{F11F374E-462B-4999-B981-791A33963CC0}.Release|Win32.Build.0 = Release|Win32
		{ED3FEC49-A62F-46BE-91FC-F86C838AB132}.Debug|Win32.ActiveCfg = Debug|Win32
		{ED3FEC49-A62F-46BE-91FC-F86C838AB132}.Debug|Win32.Build.0 = Debug|Win32
		{ED3FEC49-A62F-46BE-91FC-F86C838AB132}.Release|Win32.ActiveCfg = Release|Win32
		{ED3FEC49-A62F-46BE-91FC-F86C838AB132}.Release|Win32.Build.0 = Release|Win32
	EndGlobalSection
	GlobalSection(SolutionProperties) = preSolution
		HideSolutionNode = FALSE
	EndGlobalSection
EndGlobal
